
Microsoft Visual Studio Solution File, Format Version 12.00
# Visual Studio Version 17
VisualStudioVersion = 17.13.35913.81
MinimumVisualStudioVersion = 10.0.40219.1
Project("{FAE04EC0-301F-11D3-BF4B-00C04F79EFBC}") = "RagApi", "RagApi\RagApi.csproj", "{E871AA1C-B237-4719-ADF9-B9E6A48304F4}"
EndProject
Project("{FAE04EC0-301F-11D3-BF4B-00C04F79EFBC}") = "RagApi.Tests", "RagApi.Tests\RagApi.Tests.csproj", "{531126AF-666C-49CA-8D40-0ED20BEF9B25}"
EndProject
Project("{2150E333-8FDC-42A3-9474-1A3956D46DE8}") = "RarApi.Tests", "RarApi.Tests", "{02EA681E-C7D8-13C7-8484-4AC65E1B71E8}"
EndProject
Project("{FAE04EC0-301F-11D3-BF4B-00C04F79EFBC}") = "RagMaui", "RagMaui\RagMaui.csproj", "{A7F610B4-0F10-4F3C-A5B2-C61B5C5C8E79}"
EndProject
Global
	GlobalSection(SolutionConfigurationPlatforms) = preSolution
		Debug|Any CPU = Debug|Any CPU
		Debug|x64 = Debug|x64
		Debug|x86 = Debug|x86
		Release|Any CPU = Release|Any CPU
		Release|x64 = Release|x64
		Release|x86 = Release|x86
	EndGlobalSection
	GlobalSection(ProjectConfigurationPlatforms) = postSolution
		{E871AA1C-B237-4719-ADF9-B9E6A48304F4}.Debug|Any CPU.ActiveCfg = Debug|Any CPU
		{E871AA1C-B237-4719-ADF9-B9E6A48304F4}.Debug|Any CPU.Build.0 = Debug|Any CPU
		{E871AA1C-B237-4719-ADF9-B9E6A48304F4}.Debug|x64.ActiveCfg = Debug|Any CPU
		{E871AA1C-B237-4719-ADF9-B9E6A48304F4}.Debug|x64.Build.0 = Debug|Any CPU
		{E871AA1C-B237-4719-ADF9-B9E6A48304F4}.Debug|x86.ActiveCfg = Debug|Any CPU
		{E871AA1C-B237-4719-ADF9-B9E6A48304F4}.Debug|x86.Build.0 = Debug|Any CPU
		{E871AA1C-B237-4719-ADF9-B9E6A48304F4}.Release|Any CPU.ActiveCfg = Release|Any CPU
		{E871AA1C-B237-4719-ADF9-B9E6A48304F4}.Release|Any CPU.Build.0 = Release|Any CPU
		{E871AA1C-B237-4719-ADF9-B9E6A48304F4}.Release|x64.ActiveCfg = Release|Any CPU
		{E871AA1C-B237-4719-ADF9-B9E6A48304F4}.Release|x64.Build.0 = Release|Any CPU
		{E871AA1C-B237-4719-ADF9-B9E6A48304F4}.Release|x86.ActiveCfg = Release|Any CPU
		{E871AA1C-B237-4719-ADF9-B9E6A48304F4}.Release|x86.Build.0 = Release|Any CPU
		{531126AF-666C-49CA-8D40-0ED20BEF9B25}.Debug|Any CPU.ActiveCfg = Debug|Any CPU
		{531126AF-666C-49CA-8D40-0ED20BEF9B25}.Debug|Any CPU.Build.0 = Debug|Any CPU
		{531126AF-666C-49CA-8D40-0ED20BEF9B25}.Debug|x64.ActiveCfg = Debug|Any CPU
		{531126AF-666C-49CA-8D40-0ED20BEF9B25}.Debug|x64.Build.0 = Debug|Any CPU
		{531126AF-666C-49CA-8D40-0ED20BEF9B25}.Debug|x86.ActiveCfg = Debug|Any CPU
		{531126AF-666C-49CA-8D40-0ED20BEF9B25}.Debug|x86.Build.0 = Debug|Any CPU
		{531126AF-666C-49CA-8D40-0ED20BEF9B25}.Release|Any CPU.ActiveCfg = Release|Any CPU
		{531126AF-666C-49CA-8D40-0ED20BEF9B25}.Release|Any CPU.Build.0 = Release|Any CPU
		{531126AF-666C-49CA-8D40-0ED20BEF9B25}.Release|x64.ActiveCfg = Release|Any CPU
		{531126AF-666C-49CA-8D40-0ED20BEF9B25}.Release|x64.Build.0 = Release|Any CPU
		{531126AF-666C-49CA-8D40-0ED20BEF9B25}.Release|x86.ActiveCfg = Release|Any CPU
		{531126AF-666C-49CA-8D40-0ED20BEF9B25}.Release|x86.Build.0 = Release|Any CPU
		{A7F610B4-0F10-4F3C-A5B2-C61B5C5C8E79}.Debug|Any CPU.ActiveCfg = Debug|Any CPU
		{A7F610B4-0F10-4F3C-A5B2-C61B5C5C8E79}.Debug|Any CPU.Build.0 = Debug|Any CPU
		{A7F610B4-0F10-4F3C-A5B2-C61B5C5C8E79}.Debug|Any CPU.Deploy.0 = Debug|Any CPU
		{A7F610B4-0F10-4F3C-A5B2-C61B5C5C8E79}.Debug|x64.ActiveCfg = Debug|Any CPU
		{A7F610B4-0F10-4F3C-A5B2-C61B5C5C8E79}.Debug|x64.Build.0 = Debug|Any CPU
		{A7F610B4-0F10-4F3C-A5B2-C61B5C5C8E79}.Debug|x86.ActiveCfg = Debug|Any CPU
		{A7F610B4-0F10-4F3C-A5B2-C61B5C5C8E79}.Debug|x86.Build.0 = Debug|Any CPU
		{A7F610B4-0F10-4F3C-A5B2-C61B5C5C8E79}.Release|Any CPU.ActiveCfg = Release|Any CPU
		{A7F610B4-0F10-4F3C-A5B2-C61B5C5C8E79}.Release|Any CPU.Build.0 = Release|Any CPU
		{A7F610B4-0F10-4F3C-A5B2-C61B5C5C8E79}.Release|x64.ActiveCfg = Release|Any CPU
		{A7F610B4-0F10-4F3C-A5B2-C61B5C5C8E79}.Release|x64.Build.0 = Release|Any CPU
		{A7F610B4-0F10-4F3C-A5B2-C61B5C5C8E79}.Release|x86.ActiveCfg = Release|Any CPU
		{A7F610B4-0F10-4F3C-A5B2-C61B5C5C8E79}.Release|x86.Build.0 = Release|Any CPU
	EndGlobalSection
	GlobalSection(SolutionProperties) = preSolution
		HideSolutionNode = FALSE
	EndGlobalSection
	GlobalSection(NestedProjects) = preSolution
		{531126AF-666C-49CA-8D40-0ED20BEF9B25} = {02EA681E-C7D8-13C7-8484-4AC65E1B71E8}
	EndGlobalSection
	GlobalSection(ExtensibilityGlobals) = postSolution
		SolutionGuid = {6A7D9580-F3B2-4D01-B5A0-7F3C771237FD}
	EndGlobalSection
EndGlobal
